<?xml version="1.0" encoding="utf-8"?>
<Project ToolsVersion="4.0" xmlns="http://schemas.microsoft.com/developer/msbuild/2003">
  <ItemGroup>
    <Filter Include="Source Files">
      <UniqueIdentifier>{4FC737F1-C7A5-4376-A066-2A32D752A2FF}</UniqueIdentifier>
      <Extensions>cpp;c;cc;cxx;def;odl;idl;hpj;bat;asm;asmx</Extensions>
    </Filter>
    <Filter Include="Header Files">
      <UniqueIdentifier>{93995380-89BD-4b04-88EB-625FBE52EBFB}</UniqueIdentifier>
      <Extensions>h;hh;hpp;hxx;hm;inl;inc;xsd</Extensions>
    </Filter>
    <Filter Include="Resource Files">
      <UniqueIdentifier>{67DA6AB6-F800-4c08-8B7A-83BB121AAD01}</UniqueIdentifier>
      <Extensions>rc;ico;cur;bmp;dlg;rc2;rct;bin;rgs;gif;jpg;jpeg;jpe;resx;tiff;tif;png;wav</Extensions>
    </Filter>
  </ItemGroup>
  <ItemGroup>
    <ClCompile Include="host\src\calcenergy.cpp">
      <Filter>Source Files</Filter>
    </ClCompile>
    <ClCompile Include="host\src\getparameters.cpp">
      <Filter>Source Files</Filter>
    </ClCompile>
    <ClCompile Include="host\src\main.cpp">
      <Filter>Source Files</Filter>
    </ClCompile>
    <ClCompile Include="host\src\miscellaneous.cpp">
      <Filter>Source Files</Filter>
    </ClCompile>
    <ClCompile Include="host\src\processgrid.cpp">
      <Filter>Source Files</Filter>
    </ClCompile>
    <ClCompile Include="host\src\processligand.cpp">
      <Filter>Source Files</Filter>
    </ClCompile>
    <ClCompile Include="host\src\processresult.cpp">
      <Filter>Source Files</Filter>
    </ClCompile>
    <ClCompile Include="host\src\setup.cpp">
      <Filter>Source Files</Filter>
    </ClCompile>
    <ClCompile Include="wrapcl\src\BufferObjects.cpp">
      <Filter>Source Files</Filter>
    </ClCompile>
    <ClCompile Include="wrapcl\src\CommandQueues.cpp">
      <Filter>Source Files</Filter>
    </ClCompile>
    <ClCompile Include="wrapcl\src\Contexts.cpp">
      <Filter>Source Files</Filter>
    </ClCompile>
    <ClCompile Include="wrapcl\src\Devices.cpp">
      <Filter>Source Files</Filter>
    </ClCompile>
    <ClCompile Include="wrapcl\src\ImportBinary.cpp">
      <Filter>Source Files</Filter>
    </ClCompile>
    <ClCompile Include="wrapcl\src\ImportSource.cpp">
      <Filter>Source Files</Filter>
    </ClCompile>
    <ClCompile Include="wrapcl\src\Kernels.cpp">
      <Filter>Source Files</Filter>
    </ClCompile>
    <ClCompile Include="wrapcl\src\listAttributes.cpp">
      <Filter>Source Files</Filter>
    </ClCompile>
    <ClCompile Include="wrapcl\src\Platforms.cpp">
      <Filter>Source Files</Filter>
    </ClCompile>
    <ClCompile Include="wrapcl\src\Programs.cpp">
      <Filter>Source Files</Filter>
    </ClCompile>
    <ClCompile Include="host\src\performdocking.cpp">
      <Filter>Source Files</Filter>
    </ClCompile>
  </ItemGroup>
  <ItemGroup>
    <ClInclude Include="common\calcenergy_basic.h">
      <Filter>Header Files</Filter>
    </ClInclude>
    <ClInclude Include="common\defines.h">
      <Filter>Header Files</Filter>
    </ClInclude>
    <ClInclude Include="device\GpuData.h">
      <Filter>Header Files</Filter>
    </ClInclude>
    <ClInclude Include="host\inc\calcenergy.h">
      <Filter>Header Files</Filter>
    </ClInclude>
    <ClInclude Include="host\inc\correct_grad_axisangle.h">
      <Filter>Header Files</Filter>
    </ClInclude>
    <ClInclude Include="host\inc\getparameters.h">
      <Filter>Header Files</Filter>
    </ClInclude>
    <ClInclude Include="host\inc\miscellaneous.h">
      <Filter>Header Files</Filter>
    </ClInclude>
    <ClInclude Include="host\inc\processgrid.h">
      <Filter>Header Files</Filter>
    </ClInclude>
    <ClInclude Include="host\inc\processligand.h">
      <Filter>Header Files</Filter>
    </ClInclude>
    <ClInclude Include="host\inc\processresult.h">
      <Filter>Header Files</Filter>
    </ClInclude>
    <ClInclude Include="host\inc\autostop.hpp">
      <Filter>Header Files</Filter>
    </ClInclude>
    <ClInclude Include="host\inc\filelist.hpp">
      <Filter>Header Files</Filter>
    </ClInclude>
    <ClInclude Include="host\inc\profile.hpp">
      <Filter>Header Files</Filter>
    </ClInclude>
    <ClInclude Include="host\inc\setup.hpp">
      <Filter>Header Files</Filter>
    </ClInclude>
    <ClInclude Include="host\inc\simulation_state.hpp">
      <Filter>Header Files</Filter>
    </ClInclude>
    <ClInclude Include="wrapcl\inc\BufferObjects.h">
      <Filter>Header Files</Filter>
    </ClInclude>
    <ClInclude Include="wrapcl\inc\CommandQueues.h">
      <Filter>Header Files</Filter>
    </ClInclude>
    <ClInclude Include="wrapcl\inc\commonMacros.h">
      <Filter>Header Files</Filter>
    </ClInclude>
    <ClInclude Include="wrapcl\inc\Contexts.h">
      <Filter>Header Files</Filter>
    </ClInclude>
    <ClInclude Include="wrapcl\inc\Devices.h">
      <Filter>Header Files</Filter>
    </ClInclude>
    <ClInclude Include="wrapcl\inc\ImportBinary.h">
      <Filter>Header Files</Filter>
    </ClInclude>
    <ClInclude Include="wrapcl\inc\ImportSource.h">
      <Filter>Header Files</Filter>
    </ClInclude>
    <ClInclude Include="wrapcl\inc\Kernels.h">
      <Filter>Header Files</Filter>
    </ClInclude>
    <ClInclude Include="wrapcl\inc\listAttributes.h">
      <Filter>Header Files</Filter>
    </ClInclude>
    <ClInclude Include="wrapcl\inc\Platforms.h">
      <Filter>Header Files</Filter>
    </ClInclude>
    <ClInclude Include="wrapcl\inc\Programs.h">
      <Filter>Header Files</Filter>
    </ClInclude>
    <ClInclude Include="host\inc\performdocking.h">
      <Filter>Header Files</Filter>
    </ClInclude>
    <ClInclude Include="host\inc\stringify.h">
      <Filter>Header Files</Filter>
    </ClInclude>
  </ItemGroup>
</Project>